
Microsoft Visual Studio Solution File, Format Version 12.00
# Visual Studio Version 16
VisualStudioVersion = 16.0.29503.13
MinimumVisualStudioVersion = 10.0.40219.1
Project("{888888A0-9F3D-457C-B088-3A5042F75D52}") = "PublicIP", "PublicIP.pyproj", "{FC766292-44E9-4A7E-B28D-E02736B82722}"
EndProject
Global
	GlobalSection(SolutionConfigurationPlatforms) = preSolution
		Debug|Any CPU = Debug|Any CPU
		Release|Any CPU = Release|Any CPU
	EndGlobalSection
	GlobalSection(ProjectConfigurationPlatforms) = postSolution
		{FC766292-44E9-4A7E-B28D-E02736B82722}.Debug|Any CPU.ActiveCfg = Debug|Any CPU
		{FC766292-44E9-4A7E-B28D-E02736B82722}.Release|Any CPU.ActiveCfg = Release|Any CPU
	EndGlobalSection
	GlobalSection(SolutionProperties) = preSolution
		HideSolutionNode = FALSE
	EndGlobalSection
	GlobalSection(ExtensibilityGlobals) = postSolution
		SolutionGuid = {B11AF7B1-A19A-4BF2-A435-E425DE3F0878}
	EndGlobalSection
EndGlobal
